// !$*UTF8*$!
{
	archiveVersion = 1;
	classes = {
	};
	objectVersion = 46;
	objects = {

/* Begin PBXBuildFile section */
		8A1789291C05811900371E03 /* main.m in Sources */ = {isa = PBXBuildFile; fileRef = 8A1789281C05811900371E03 /* main.m */; };
		8A17892C1C05811900371E03 /* AppDelegate.m in Sources */ = {isa = PBXBuildFile; fileRef = 8A17892B1C05811900371E03 /* AppDelegate.m */; };
		8A17892F1C05811900371E03 /* ViewController.m in Sources */ = {isa = PBXBuildFile; fileRef = 8A17892E1C05811900371E03 /* ViewController.m */; };
		8A1789321C05811900371E03 /* Main.storyboard in Resources */ = {isa = PBXBuildFile; fileRef = 8A1789301C05811900371E03 /* Main.storyboard */; };
		8A1789341C05811900371E03 /* Assets.xcassets in Resources */ = {isa = PBXBuildFile; fileRef = 8A1789331C05811900371E03 /* Assets.xcassets */; };
		8A1789371C05811900371E03 /* LaunchScreen.storyboard in Resources */ = {isa = PBXBuildFile; fileRef = 8A1789351C05811900371E03 /* LaunchScreen.storyboard */; };
		8A1789421C05811900371E03 /* ResponceHandlerTests.m in Sources */ = {isa = PBXBuildFile; fileRef = 8A1789411C05811900371E03 /* ResponceHandlerTests.m */; };
		8A17894D1C05811900371E03 /* ResponceHandlerUITests.m in Sources */ = {isa = PBXBuildFile; fileRef = 8A17894C1C05811900371E03 /* ResponceHandlerUITests.m */; };
		8A3EF4521C06CE86005CE614 /* SMACX.framework in Frameworks */ = {isa = PBXBuildFile; fileRef = 8A3EF4511C06CE86005CE614 /* SMACX.framework */; };
		8A3EF4561C06E311005CE614 /* MTSerialization.m in Sources */ = {isa = PBXBuildFile; fileRef = 8A3EF4551C06E311005CE614 /* MTSerialization.m */; };
		8A844C781C1072890075C05D /* MTBottom.m in Sources */ = {isa = PBXBuildFile; fileRef = 8A844C731C1072890075C05D /* MTBottom.m */; };
		8A844C791C1072890075C05D /* MTMeasurements.m in Sources */ = {isa = PBXBuildFile; fileRef = 8A844C751C1072890075C05D /* MTMeasurements.m */; };
		8A844C7A1C1072890075C05D /* MTTop.m in Sources */ = {isa = PBXBuildFile; fileRef = 8A844C771C1072890075C05D /* MTTop.m */; };
		8A974D371C0EE98D00996DFC /* SampleFile.m in Sources */ = {isa = PBXBuildFile; fileRef = 8A974D361C0EE98D00996DFC /* SampleFile.m */; };
/* End PBXBuildFile section */

/* Begin PBXContainerItemProxy section */
		8A17893E1C05811900371E03 /* PBXContainerItemProxy */ = {
			isa = PBXContainerItemProxy;
			containerPortal = 8A17891C1C05811900371E03 /* Project object */;
			proxyType = 1;
			remoteGlobalIDString = 8A1789231C05811900371E03;
			remoteInfo = ResponceHandler;
		};
		8A1789491C05811900371E03 /* PBXContainerItemProxy */ = {
			isa = PBXContainerItemProxy;
			containerPortal = 8A17891C1C05811900371E03 /* Project object */;
			proxyType = 1;
			remoteGlobalIDString = 8A1789231C05811900371E03;
			remoteInfo = ResponceHandler;
		};
/* End PBXContainerItemProxy section */

/* Begin PBXFileReference section */
		8A1789241C05811900371E03 /* ResponceHandler.app */ = {isa = PBXFileReference; explicitFileType = wrapper.application; includeInIndex = 0; path = ResponceHandler.app; sourceTree = BUILT_PRODUCTS_DIR; };
		8A1789281C05811900371E03 /* main.m */ = {isa = PBXFileReference; lastKnownFileType = sourcecode.c.objc; path = main.m; sourceTree = "<group>"; };
		8A17892A1C05811900371E03 /* AppDelegate.h */ = {isa = PBXFileReference; lastKnownFileType = sourcecode.c.h; path = AppDelegate.h; sourceTree = "<group>"; };
		8A17892B1C05811900371E03 /* AppDelegate.m */ = {isa = PBXFileReference; lastKnownFileType = sourcecode.c.objc; path = AppDelegate.m; sourceTree = "<group>"; };
		8A17892D1C05811900371E03 /* ViewController.h */ = {isa = PBXFileReference; lastKnownFileType = sourcecode.c.h; path = ViewController.h; sourceTree = "<group>"; };
		8A17892E1C05811900371E03 /* ViewController.m */ = {isa = PBXFileReference; lastKnownFileType = sourcecode.c.objc; path = ViewController.m; sourceTree = "<group>"; };
		8A1789311C05811900371E03 /* Base */ = {isa = PBXFileReference; lastKnownFileType = file.storyboard; name = Base; path = Base.lproj/Main.storyboard; sourceTree = "<group>"; };
		8A1789331C05811900371E03 /* Assets.xcassets */ = {isa = PBXFileReference; lastKnownFileType = folder.assetcatalog; path = Assets.xcassets; sourceTree = "<group>"; };
		8A1789361C05811900371E03 /* Base */ = {isa = PBXFileReference; lastKnownFileType = file.storyboard; name = Base; path = Base.lproj/LaunchScreen.storyboard; sourceTree = "<group>"; };
		8A1789381C05811900371E03 /* Info.plist */ = {isa = PBXFileReference; lastKnownFileType = text.plist.xml; path = Info.plist; sourceTree = "<group>"; };
		8A17893D1C05811900371E03 /* ResponceHandlerTests.xctest */ = {isa = PBXFileReference; explicitFileType = wrapper.cfbundle; includeInIndex = 0; path = ResponceHandlerTests.xctest; sourceTree = BUILT_PRODUCTS_DIR; };
		8A1789411C05811900371E03 /* ResponceHandlerTests.m */ = {isa = PBXFileReference; lastKnownFileType = sourcecode.c.objc; path = ResponceHandlerTests.m; sourceTree = "<group>"; };
		8A1789431C05811900371E03 /* Info.plist */ = {isa = PBXFileReference; lastKnownFileType = text.plist.xml; path = Info.plist; sourceTree = "<group>"; };
		8A1789481C05811900371E03 /* ResponceHandlerUITests.xctest */ = {isa = PBXFileReference; explicitFileType = wrapper.cfbundle; includeInIndex = 0; path = ResponceHandlerUITests.xctest; sourceTree = BUILT_PRODUCTS_DIR; };
		8A17894C1C05811900371E03 /* ResponceHandlerUITests.m */ = {isa = PBXFileReference; lastKnownFileType = sourcecode.c.objc; path = ResponceHandlerUITests.m; sourceTree = "<group>"; };
		8A17894E1C05811900371E03 /* Info.plist */ = {isa = PBXFileReference; lastKnownFileType = text.plist.xml; path = Info.plist; sourceTree = "<group>"; };
		8A3EF4511C06CE86005CE614 /* SMACX.framework */ = {isa = PBXFileReference; lastKnownFileType = wrapper.framework; path = SMACX.framework; sourceTree = "<group>"; };
		8A3EF4531C06CEC4005CE614 /* Constants.h */ = {isa = PBXFileReference; fileEncoding = 4; lastKnownFileType = sourcecode.c.h; path = Constants.h; sourceTree = "<group>"; };
		8A3EF4541C06E311005CE614 /* MTSerialization.h */ = {isa = PBXFileReference; fileEncoding = 4; lastKnownFileType = sourcecode.c.h; path = MTSerialization.h; sourceTree = "<group>"; };
		8A3EF4551C06E311005CE614 /* MTSerialization.m */ = {isa = PBXFileReference; fileEncoding = 4; lastKnownFileType = sourcecode.c.objc; path = MTSerialization.m; sourceTree = "<group>"; };
		8A844C711C1072890075C05D /* DataModels.h */ = {isa = PBXFileReference; fileEncoding = 4; lastKnownFileType = sourcecode.c.h; path = DataModels.h; sourceTree = "<group>"; };
		8A844C721C1072890075C05D /* MTBottom.h */ = {isa = PBXFileReference; fileEncoding = 4; lastKnownFileType = sourcecode.c.h; path = MTBottom.h; sourceTree = "<group>"; };
		8A844C731C1072890075C05D /* MTBottom.m */ = {isa = PBXFileReference; fileEncoding = 4; lastKnownFileType = sourcecode.c.objc; path = MTBottom.m; sourceTree = "<group>"; };
		8A844C741C1072890075C05D /* MTMeasurements.h */ = {isa = PBXFileReference; fileEncoding = 4; lastKnownFileType = sourcecode.c.h; path = MTMeasurements.h; sourceTree = "<group>"; };
		8A844C751C1072890075C05D /* MTMeasurements.m */ = {isa = PBXFileReference; fileEncoding = 4; lastKnownFileType = sourcecode.c.objc; path = MTMeasurements.m; sourceTree = "<group>"; };
		8A844C761C1072890075C05D /* MTTop.h */ = {isa = PBXFileReference; fileEncoding = 4; lastKnownFileType = sourcecode.c.h; path = MTTop.h; sourceTree = "<group>"; };
		8A844C771C1072890075C05D /* MTTop.m */ = {isa = PBXFileReference; fileEncoding = 4; lastKnownFileType = sourcecode.c.objc; path = MTTop.m; sourceTree = "<group>"; };
		8A974D351C0EE98C00996DFC /* SampleFile.h */ = {isa = PBXFileReference; fileEncoding = 4; lastKnownFileType = sourcecode.c.h; path = SampleFile.h; sourceTree = "<group>"; };
		8A974D361C0EE98D00996DFC /* SampleFile.m */ = {isa = PBXFileReference; fileEncoding = 4; lastKnownFileType = sourcecode.c.objc; path = SampleFile.m; sourceTree = "<group>"; };
/* End PBXFileReference section */

/* Begin PBXFrameworksBuildPhase section */
		8A1789211C05811900371E03 /* Frameworks */ = {
			isa = PBXFrameworksBuildPhase;
			buildActionMask = 2147483647;
			files = (
				8A3EF4521C06CE86005CE614 /* SMACX.framework in Frameworks */,
			);
			runOnlyForDeploymentPostprocessing = 0;
		};
		8A17893A1C05811900371E03 /* Frameworks */ = {
			isa = PBXFrameworksBuildPhase;
			buildActionMask = 2147483647;
			files = (
			);
			runOnlyForDeploymentPostprocessing = 0;
		};
		8A1789451C05811900371E03 /* Frameworks */ = {
			isa = PBXFrameworksBuildPhase;
			buildActionMask = 2147483647;
			files = (
			);
			runOnlyForDeploymentPostprocessing = 0;
		};
/* End PBXFrameworksBuildPhase section */

/* Begin PBXGroup section */
		8A17891B1C05811900371E03 = {
			isa = PBXGroup;
			children = (
				8A1789261C05811900371E03 /* ResponceHandler */,
				8A1789401C05811900371E03 /* ResponceHandlerTests */,
				8A17894B1C05811900371E03 /* ResponceHandlerUITests */,
				8A1789251C05811900371E03 /* Products */,
			);
			sourceTree = "<group>";
		};
		8A1789251C05811900371E03 /* Products */ = {
			isa = PBXGroup;
			children = (
				8A1789241C05811900371E03 /* ResponceHandler.app */,
				8A17893D1C05811900371E03 /* ResponceHandlerTests.xctest */,
				8A1789481C05811900371E03 /* ResponceHandlerUITests.xctest */,
			);
			name = Products;
			sourceTree = "<group>";
		};
		8A1789261C05811900371E03 /* ResponceHandler */ = {
			isa = PBXGroup;
			children = (
				8A844C701C1072890075C05D /* POJO DEMO */,
				8A17892A1C05811900371E03 /* AppDelegate.h */,
				8A17892B1C05811900371E03 /* AppDelegate.m */,
				8A17892D1C05811900371E03 /* ViewController.h */,
				8A17892E1C05811900371E03 /* ViewController.m */,
				8A1789301C05811900371E03 /* Main.storyboard */,
				8A1789331C05811900371E03 /* Assets.xcassets */,
				8A1789351C05811900371E03 /* LaunchScreen.storyboard */,
				8A1789381C05811900371E03 /* Info.plist */,
				8A1789271C05811900371E03 /* Supporting Files */,
				8A3EF4531C06CEC4005CE614 /* Constants.h */,
				8A3EF4541C06E311005CE614 /* MTSerialization.h */,
				8A3EF4551C06E311005CE614 /* MTSerialization.m */,
				8A974D351C0EE98C00996DFC /* SampleFile.h */,
				8A974D361C0EE98D00996DFC /* SampleFile.m */,
			);
			path = ResponceHandler;
			sourceTree = "<group>";
		};
		8A1789271C05811900371E03 /* Supporting Files */ = {
			isa = PBXGroup;
			children = (
				8A3EF4511C06CE86005CE614 /* SMACX.framework */,
				8A1789281C05811900371E03 /* main.m */,
			);
			name = "Supporting Files";
			sourceTree = "<group>";
		};
		8A1789401C05811900371E03 /* ResponceHandlerTests */ = {
			isa = PBXGroup;
			children = (
				8A1789411C05811900371E03 /* ResponceHandlerTests.m */,
				8A1789431C05811900371E03 /* Info.plist */,
			);
			path = ResponceHandlerTests;
			sourceTree = "<group>";
		};
		8A17894B1C05811900371E03 /* ResponceHandlerUITests */ = {
			isa = PBXGroup;
			children = (
				8A17894C1C05811900371E03 /* ResponceHandlerUITests.m */,
				8A17894E1C05811900371E03 /* Info.plist */,
			);
			path = ResponceHandlerUITests;
			sourceTree = "<group>";
		};
		8A844C701C1072890075C05D /* POJO DEMO */ = {
			isa = PBXGroup;
			children = (
				8A844C711C1072890075C05D /* DataModels.h */,
				8A844C721C1072890075C05D /* MTBottom.h */,
				8A844C731C1072890075C05D /* MTBottom.m */,
				8A844C741C1072890075C05D /* MTMeasurements.h */,
				8A844C751C1072890075C05D /* MTMeasurements.m */,
				8A844C761C1072890075C05D /* MTTop.h */,
				8A844C771C1072890075C05D /* MTTop.m */,
			);
			path = "POJO DEMO";
			sourceTree = "<group>";
		};
/* End PBXGroup section */

/* Begin PBXNativeTarget section */
		8A1789231C05811900371E03 /* ResponceHandler */ = {
			isa = PBXNativeTarget;
			buildConfigurationList = 8A1789511C05811900371E03 /* Build configuration list for PBXNativeTarget "ResponceHandler" */;
			buildPhases = (
				8A1789201C05811900371E03 /* Sources */,
				8A1789211C05811900371E03 /* Frameworks */,
				8A1789221C05811900371E03 /* Resources */,
			);
			buildRules = (
			);
			dependencies = (
			);
			name = ResponceHandler;
			productName = ResponceHandler;
			productReference = 8A1789241C05811900371E03 /* ResponceHandler.app */;
			productType = "com.apple.product-type.application";
		};
		8A17893C1C05811900371E03 /* ResponceHandlerTests */ = {
			isa = PBXNativeTarget;
			buildConfigurationList = 8A1789541C05811900371E03 /* Build configuration list for PBXNativeTarget "ResponceHandlerTests" */;
			buildPhases = (
				8A1789391C05811900371E03 /* Sources */,
				8A17893A1C05811900371E03 /* Frameworks */,
				8A17893B1C05811900371E03 /* Resources */,
			);
			buildRules = (
			);
			dependencies = (
				8A17893F1C05811900371E03 /* PBXTargetDependency */,
			);
			name = ResponceHandlerTests;
			productName = ResponceHandlerTests;
			productReference = 8A17893D1C05811900371E03 /* ResponceHandlerTests.xctest */;
			productType = "com.apple.product-type.bundle.unit-test";
		};
		8A1789471C05811900371E03 /* ResponceHandlerUITests */ = {
			isa = PBXNativeTarget;
			buildConfigurationList = 8A1789571C05811900371E03 /* Build configuration list for PBXNativeTarget "ResponceHandlerUITests" */;
			buildPhases = (
				8A1789441C05811900371E03 /* Sources */,
				8A1789451C05811900371E03 /* Frameworks */,
				8A1789461C05811900371E03 /* Resources */,
			);
			buildRules = (
			);
			dependencies = (
				8A17894A1C05811900371E03 /* PBXTargetDependency */,
			);
			name = ResponceHandlerUITests;
			productName = ResponceHandlerUITests;
			productReference = 8A1789481C05811900371E03 /* ResponceHandlerUITests.xctest */;
			productType = "com.apple.product-type.bundle.ui-testing";
		};
/* End PBXNativeTarget section */

/* Begin PBXProject section */
		8A17891C1C05811900371E03 /* Project object */ = {
			isa = PBXProject;
			attributes = {
				LastUpgradeCheck = 0710;
				ORGANIZATIONNAME = mtuity;
				TargetAttributes = {
					8A1789231C05811900371E03 = {
						CreatedOnToolsVersion = 7.1.1;
					};
					8A17893C1C05811900371E03 = {
						CreatedOnToolsVersion = 7.1.1;
						TestTargetID = 8A1789231C05811900371E03;
					};
					8A1789471C05811900371E03 = {
						CreatedOnToolsVersion = 7.1.1;
						TestTargetID = 8A1789231C05811900371E03;
					};
				};
			};
			buildConfigurationList = 8A17891F1C05811900371E03 /* Build configuration list for PBXProject "ResponceHandler" */;
			compatibilityVersion = "Xcode 3.2";
			developmentRegion = English;
			hasScannedForEncodings = 0;
			knownRegions = (
				en,
				Base,
			);
			mainGroup = 8A17891B1C05811900371E03;
			productRefGroup = 8A1789251C05811900371E03 /* Products */;
			projectDirPath = "";
			projectRoot = "";
			targets = (
				8A1789231C05811900371E03 /* ResponceHandler */,
				8A17893C1C05811900371E03 /* ResponceHandlerTests */,
				8A1789471C05811900371E03 /* ResponceHandlerUITests */,
			);
		};
/* End PBXProject section */

/* Begin PBXResourcesBuildPhase section */
		8A1789221C05811900371E03 /* Resources */ = {
			isa = PBXResourcesBuildPhase;
			buildActionMask = 2147483647;
			files = (
				8A1789371C05811900371E03 /* LaunchScreen.storyboard in Resources */,
				8A1789341C05811900371E03 /* Assets.xcassets in Resources */,
				8A1789321C05811900371E03 /* Main.storyboard in Resources */,
			);
			runOnlyForDeploymentPostprocessing = 0;
		};
		8A17893B1C05811900371E03 /* Resources */ = {
			isa = PBXResourcesBuildPhase;
			buildActionMask = 2147483647;
			files = (
			);
			runOnlyForDeploymentPostprocessing = 0;
		};
		8A1789461C05811900371E03 /* Resources */ = {
			isa = PBXResourcesBuildPhase;
			buildActionMask = 2147483647;
			files = (
			);
			runOnlyForDeploymentPostprocessing = 0;
		};
/* End PBXResourcesBuildPhase section */

/* Begin PBXSourcesBuildPhase section */
		8A1789201C05811900371E03 /* Sources */ = {
			isa = PBXSourcesBuildPhase;
			buildActionMask = 2147483647;
			files = (
				8A17892F1C05811900371E03 /* ViewController.m in Sources */,
				8A844C781C1072890075C05D /* MTBottom.m in Sources */,
				8A844C791C1072890075C05D /* MTMeasurements.m in Sources */,
				8A17892C1C05811900371E03 /* AppDelegate.m in Sources */,
				8A1789291C05811900371E03 /* main.m in Sources */,
				8A3EF4561C06E311005CE614 /* MTSerialization.m in Sources */,
				8A844C7A1C1072890075C05D /* MTTop.m in Sources */,
				8A974D371C0EE98D00996DFC /* SampleFile.m in Sources */,
			);
			runOnlyForDeploymentPostprocessing = 0;
		};
		8A1789391C05811900371E03 /* Sources */ = {
			isa = PBXSourcesBuildPhase;
			buildActionMask = 2147483647;
			files = (
				8A1789421C05811900371E03 /* ResponceHandlerTests.m in Sources */,
			);
			runOnlyForDeploymentPostprocessing = 0;
		};
		8A1789441C05811900371E03 /* Sources */ = {
			isa = PBXSourcesBuildPhase;
			buildActionMask = 2147483647;
			files = (
				8A17894D1C05811900371E03 /* ResponceHandlerUITests.m in Sources */,
			);
			runOnlyForDeploymentPostprocessing = 0;
		};
/* End PBXSourcesBuildPhase section */

/* Begin PBXTargetDependency section */
		8A17893F1C05811900371E03 /* PBXTargetDependency */ = {
			isa = PBXTargetDependency;
			target = 8A1789231C05811900371E03 /* ResponceHandler */;
			targetProxy = 8A17893E1C05811900371E03 /* PBXContainerItemProxy */;
		};
		8A17894A1C05811900371E03 /* PBXTargetDependency */ = {
			isa = PBXTargetDependency;
			target = 8A1789231C05811900371E03 /* ResponceHandler */;
			targetProxy = 8A1789491C05811900371E03 /* PBXContainerItemProxy */;
		};
/* End PBXTargetDependency section */

/* Begin PBXVariantGroup section */
		8A1789301C05811900371E03 /* Main.storyboard */ = {
			isa = PBXVariantGroup;
			children = (
				8A1789311C05811900371E03 /* Base */,
			);
			name = Main.storyboard;
			sourceTree = "<group>";
		};
		8A1789351C05811900371E03 /* LaunchScreen.storyboard */ = {
			isa = PBXVariantGroup;
			children = (
				8A1789361C05811900371E03 /* Base */,
			);
			name = LaunchScreen.storyboard;
			sourceTree = "<group>";
		};
/* End PBXVariantGroup section */

/* Begin XCBuildConfiguration section */
		8A17894F1C05811900371E03 /* Debug */ = {
			isa = XCBuildConfiguration;
			buildSettings = {
				ALWAYS_SEARCH_USER_PATHS = NO;
				CLANG_CXX_LANGUAGE_STANDARD = "gnu++0x";
				CLANG_CXX_LIBRARY = "libc++";
				CLANG_ENABLE_MODULES = YES;
				CLANG_ENABLE_OBJC_ARC = YES;
				CLANG_WARN_BOOL_CONVERSION = YES;
				CLANG_WARN_CONSTANT_CONVERSION = YES;
				CLANG_WARN_DIRECT_OBJC_ISA_USAGE = YES_ERROR;
				CLANG_WARN_EMPTY_BODY = YES;
				CLANG_WARN_ENUM_CONVERSION = YES;
				CLANG_WARN_INT_CONVERSION = YES;
				CLANG_WARN_OBJC_ROOT_CLASS = YES_ERROR;
				CLANG_WARN_UNREACHABLE_CODE = YES;
				CLANG_WARN__DUPLICATE_METHOD_MATCH = YES;
				"CODE_SIGN_IDENTITY[sdk=iphoneos*]" = "iPhone Developer";
				COPY_PHASE_STRIP = NO;
				DEBUG_INFORMATION_FORMAT = dwarf;
				ENABLE_STRICT_OBJC_MSGSEND = YES;
				ENABLE_TESTABILITY = YES;
				GCC_C_LANGUAGE_STANDARD = gnu99;
				GCC_DYNAMIC_NO_PIC = NO;
				GCC_NO_COMMON_BLOCKS = YES;
				GCC_OPTIMIZATION_LEVEL = 0;
				GCC_PREPROCESSOR_DEFINITIONS = (
					"DEBUG=1",
					"$(inherited)",
				);
				GCC_WARN_64_TO_32_BIT_CONVERSION = YES;
				GCC_WARN_ABOUT_RETURN_TYPE = YES_ERROR;
				GCC_WARN_UNDECLARED_SELECTOR = YES;
				GCC_WARN_UNINITIALIZED_AUTOS = YES_AGGRESSIVE;
				GCC_WARN_UNUSED_FUNCTION = YES;
				GCC_WARN_UNUSED_VARIABLE = YES;
				IPHONEOS_DEPLOYMENT_TARGET = 9.1;
				MTL_ENABLE_DEBUG_INFO = YES;
				ONLY_ACTIVE_ARCH = YES;
				SDKROOT = iphoneos;
				TARGETED_DEVICE_FAMILY = "1,2";
			};
			name = Debug;
		};
		8A1789501C05811900371E03 /* Release */ = {
			isa = XCBuildConfiguration;
			buildSettings = {
				ALWAYS_SEARCH_USER_PATHS = NO;
				CLANG_CXX_LANGUAGE_STANDARD = "gnu++0x";
				CLANG_CXX_LIBRARY = "libc++";
				CLANG_ENABLE_MODULES = YES;
				CLANG_ENABLE_OBJC_ARC = YES;
				CLANG_WARN_BOOL_CONVERSION = YES;
				CLANG_WARN_CONSTANT_CONVERSION = YES;
				CLANG_WARN_DIRECT_OBJC_ISA_USAGE = YES_ERROR;
				CLANG_WARN_EMPTY_BODY = YES;
				CLANG_WARN_ENUM_CONVERSION = YES;
				CLANG_WARN_INT_CONVERSION = YES;
				CLANG_WARN_OBJC_ROOT_CLASS = YES_ERROR;
				CLANG_WARN_UNREACHABLE_CODE = YES;
				CLANG_WARN__DUPLICATE_METHOD_MATCH = YES;
				"CODE_SIGN_IDENTITY[sdk=iphoneos*]" = "iPhone Developer";
				COPY_PHASE_STRIP = NO;
				DEBUG_INFORMATION_FORMAT = "dwarf-with-dsym";
				ENABLE_NS_ASSERTIONS = NO;
				ENABLE_STRICT_OBJC_MSGSEND = YES;
				GCC_C_LANGUAGE_STANDARD = gnu99;
				GCC_NO_COMMON_BLOCKS = YES;
				GCC_WARN_64_TO_32_BIT_CONVERSION = YES;
				GCC_WARN_ABOUT_RETURN_TYPE = YES_ERROR;
				GCC_WARN_UNDECLARED_SELECTOR = YES;
				GCC_WARN_UNINITIALIZED_AUTOS = YES_AGGRESSIVE;
				GCC_WARN_UNUSED_FUNCTION = YES;
				GCC_WARN_UNUSED_VARIABLE = YES;
				IPHONEOS_DEPLOYMENT_TARGET = 9.1;
				MTL_ENABLE_DEBUG_INFO = NO;
				SDKROOT = iphoneos;
				TARGETED_DEVICE_FAMILY = "1,2";
				VALIDATE_PRODUCT = YES;
			};
			name = Release;
		};
		8A1789521C05811900371E03 /* Debug */ = {
			isa = XCBuildConfiguration;
			buildSettings = {
				ASSETCATALOG_COMPILER_APPICON_NAME = AppIcon;
				FRAMEWORK_SEARCH_PATHS = (
					"$(inherited)",
					"$(PROJECT_DIR)/ResponceHandler",
				);
				INFOPLIST_FILE = ResponceHandler/Info.plist;
				LD_RUNPATH_SEARCH_PATHS = "$(inherited) @executable_path/Frameworks";
				PRODUCT_BUNDLE_IDENTIFIER = com.ResponceHandler;
				PRODUCT_NAME = "$(TARGET_NAME)";
			};
			name = Debug;
		};
		8A1789531C05811900371E03 /* Release */ = {
			isa = XCBuildConfiguration;
			buildSettings = {
				ASSETCATALOG_COMPILER_APPICON_NAME = AppIcon;
				FRAMEWORK_SEARCH_PATHS = (
					"$(inherited)",
					"$(PROJECT_DIR)/ResponceHandler",
				);
				INFOPLIST_FILE = ResponceHandler/Info.plist;
				LD_RUNPATH_SEARCH_PATHS = "$(inherited) @executable_path/Frameworks";
				PRODUCT_BUNDLE_IDENTIFIER = com.ResponceHandler;
				PRODUCT_NAME = "$(TARGET_NAME)";
			};
			name = Release;
		};
		8A1789551C05811900371E03 /* Debug */ = {
			isa = XCBuildConfiguration;
			buildSettings = {
				BUNDLE_LOADER = "$(TEST_HOST)";
				INFOPLIST_FILE = ResponceHandlerTests/Info.plist;
				LD_RUNPATH_SEARCH_PATHS = "$(inherited) @executable_path/Frameworks @loader_path/Frameworks";
				PRODUCT_BUNDLE_IDENTIFIER = com.ResponceHandlerTests;
				PRODUCT_NAME = "$(TARGET_NAME)";
				TEST_HOST = "$(BUILT_PRODUCTS_DIR)/ResponceHandler.app/ResponceHandler";
			};
			name = Debug;
		};
		8A1789561C05811900371E03 /* Release */ = {
			isa = XCBuildConfiguration;
			buildSettings = {
				BUNDLE_LOADER = "$(TEST_HOST)";
				INFOPLIST_FILE = ResponceHandlerTests/Info.plist;
				LD_RUNPATH_SEARCH_PATHS = "$(inherited) @executable_path/Frameworks @loader_path/Frameworks";
				PRODUCT_BUNDLE_IDENTIFIER = com.ResponceHandlerTests;
				PRODUCT_NAME = "$(TARGET_NAME)";
				TEST_HOST = "$(BUILT_PRODUCTS_DIR)/ResponceHandler.app/ResponceHandler";
			};
			name = Release;
		};
		8A1789581C05811900371E03 /* Debug */ = {
			isa = XCBuildConfiguration;
			buildSettings = {
				INFOPLIST_FILE = ResponceHandlerUITests/Info.plist;
				LD_RUNPATH_SEARCH_PATHS = "$(inherited) @executable_path/Frameworks @loader_path/Frameworks";
				PRODUCT_BUNDLE_IDENTIFIER = com.ResponceHandlerUITests;
				PRODUCT_NAME = "$(TARGET_NAME)";
				TEST_TARGET_NAME = ResponceHandler;
				USES_XCTRUNNER = YES;
			};
			name = Debug;
		};
		8A1789591C05811900371E03 /* Release */ = {
			isa = XCBuildConfiguration;
			buildSettings = {
				INFOPLIST_FILE = ResponceHandlerUITests/Info.plist;
				LD_RUNPATH_SEARCH_PATHS = "$(inherited) @executable_path/Frameworks @loader_path/Frameworks";
				PRODUCT_BUNDLE_IDENTIFIER = com.ResponceHandlerUITests;
				PRODUCT_NAME = "$(TARGET_NAME)";
				TEST_TARGET_NAME = ResponceHandler;
				USES_XCTRUNNER = YES;
			};
			name = Release;
		};
/* End XCBuildConfiguration section */

/* Begin XCConfigurationList section */
		8A17891F1C05811900371E03 /* Build configuration list for PBXProject "ResponceHandler" */ = {
			isa = XCConfigurationList;
			buildConfigurations = (
				8A17894F1C05811900371E03 /* Debug */,
				8A1789501C05811900371E03 /* Release */,
			);
			defaultConfigurationIsVisible = 0;
			defaultConfigurationName = Release;
		};
		8A1789511C05811900371E03 /* Build configuration list for PBXNativeTarget "ResponceHandler" */ = {
			isa = XCConfigurationList;
			buildConfigurations = (
				8A1789521C05811900371E03 /* Debug */,
				8A1789531C05811900371E03 /* Release */,
			);
			defaultConfigurationIsVisible = 0;
			defaultConfigurationName = Release;
		};
		8A1789541C05811900371E03 /* Build configuration list for PBXNativeTarget "ResponceHandlerTests" */ = {
			isa = XCConfigurationList;
			buildConfigurations = (
				8A1789551C05811900371E03 /* Debug */,
				8A1789561C05811900371E03 /* Release */,
			);
			defaultConfigurationIsVisible = 0;
			defaultConfigurationName = Release;
		};
		8A1789571C05811900371E03 /* Build configuration list for PBXNativeTarget "ResponceHandlerUITests" */ = {
			isa = XCConfigurationList;
			buildConfigurations = (
				8A1789581C05811900371E03 /* Debug */,
				8A1789591C05811900371E03 /* Release */,
			);
			defaultConfigurationIsVisible = 0;
			defaultConfigurationName = Release;
		};
/* End XCConfigurationList section */
	};
	rootObject = 8A17891C1C05811900371E03 /* Project object */;
}
